
Microsoft Visual Studio Solution File, Format Version 12.00
# Visual Studio Version 17
VisualStudioVersion = 17.0.32126.317
MinimumVisualStudioVersion = 10.0.40219.1
Project("{FAE04EC0-301F-11D3-BF4B-00C04F79EFBC}") = "testar meny", "testar meny\testar meny.csproj", "{3BDF9181-F1ED-4F2A-AE6B-82BE53D741BB}"
EndProject
Global
	GlobalSection(SolutionConfigurationPlatforms) = preSolution
		Debug|Any CPU = Debug|Any CPU
		Release|Any CPU = Release|Any CPU
	EndGlobalSection
	GlobalSection(ProjectConfigurationPlatforms) = postSolution
		{3BDF9181-F1ED-4F2A-AE6B-82BE53D741BB}.Debug|Any CPU.ActiveCfg = Debug|Any CPU
		{3BDF9181-F1ED-4F2A-AE6B-82BE53D741BB}.Debug|Any CPU.Build.0 = Debug|Any CPU
		{3BDF9181-F1ED-4F2A-AE6B-82BE53D741BB}.Release|Any CPU.ActiveCfg = Release|Any CPU
		{3BDF9181-F1ED-4F2A-AE6B-82BE53D741BB}.Release|Any CPU.Build.0 = Release|Any CPU
	EndGlobalSection
	GlobalSection(SolutionProperties) = preSolution
		HideSolutionNode = FALSE
	EndGlobalSection
	GlobalSection(ExtensibilityGlobals) = postSolution
		SolutionGuid = {6045A122-EB4A-4EF2-98F0-780105BBE86B}
	EndGlobalSection
EndGlobal
